# THIS IS AN AUTOGENERATED FILE. DO NOT EDIT THIS FILE DIRECTLY
# generate-deploy.lock

version: 2.0.0-alpha.5
commit_hash: !<tag:yaml.org,2002:js/undefined> ''
tree:
  name: deploy
  children:
    - name: .gitignore
      size: 8
      extension: ''
      type: file
      hash: 8dd98ed4e7c19988e7e6bb157d779af60ee70761
      relative: ./.gitignore
    - name: deploy.sh
      size: 2012
      extension: .sh
      type: file
      hash: 6285ffe54687f5b683c7380ead7a646b479d0ef4
      relative: ./deploy.sh
    - name: my-gig-api-deployment.yaml
      size: 538
      extension: .yaml
      type: file
      hash: ba137eb74348f0d3791e51388e78293b93d2fd5e
      relative: ./my-gig-api-deployment.yaml
    - name: my-gig-prod
      children:
        - name: my-gig-api-service.yaml
          size: 653
          extension: .yaml
          type: file
          hash: 91dcefc693fe1a44d40db4fc0e382ba2e7a791f6
          relative: ./my-gig-prod/my-gig-api-service.yaml
      size: 653
      type: directory
    - name: my-gig-staging
      children:
        - name: my-gig-api-service.yaml
          size: 656
          extension: .yaml
          type: file
          hash: 81955cfdbaf6aec22c1ebe31b8f9c96f2ad1c67f
          relative: ./my-gig-staging/my-gig-api-service.yaml
      size: 656
      type: directory
    - name: terraform
      children:
        - name: base.tf
          size: 230
          extension: .tf
          type: file
          hash: 35982cdac668ef44056a80401214c627b5e41b90
          relative: ./terraform/base.tf
        - name: ecr.tf
          size: 72
          extension: .tf
          type: file
          hash: 175dbcbc779b34536f1a1dd632f891120e540e09
          relative: ./terraform/ecr.tf
      size: 302
      type: directory
  size: 4169
  type: directory
